// !$*UTF8*$!
{
	archiveVersion = 1;
	classes = {
	};
	objectVersion = 50;
	objects = {

/* Begin PBXBuildFile section */
		CDF46BD62335B4C400F3828A /* AppDelegate.swift in Sources */ = {isa = PBXBuildFile; fileRef = CDF46BD52335B4C400F3828A /* AppDelegate.swift */; };
		CDF46BD82335B4C400F3828A /* ViewController.swift in Sources */ = {isa = PBXBuildFile; fileRef = CDF46BD72335B4C400F3828A /* ViewController.swift */; };
		CDF46BDB2335B4C400F3828A /* Main.storyboard in Resources */ = {isa = PBXBuildFile; fileRef = CDF46BD92335B4C400F3828A /* Main.storyboard */; };
		CDF46BDE2335B4C400F3828A /* iOrder.xcdatamodeld in Sources */ = {isa = PBXBuildFile; fileRef = CDF46BDC2335B4C400F3828A /* iOrder.xcdatamodeld */; };
		CDF46BE02335B4C600F3828A /* Assets.xcassets in Resources */ = {isa = PBXBuildFile; fileRef = CDF46BDF2335B4C600F3828A /* Assets.xcassets */; };
		CDF46BE32335B4C600F3828A /* LaunchScreen.storyboard in Resources */ = {isa = PBXBuildFile; fileRef = CDF46BE12335B4C600F3828A /* LaunchScreen.storyboard */; };
/* End PBXBuildFile section */

/* Begin PBXFileReference section */
		CDF46BD22335B4C400F3828A /* iOrder.app */ = {isa = PBXFileReference; explicitFileType = wrapper.application; includeInIndex = 0; path = iOrder.app; sourceTree = BUILT_PRODUCTS_DIR; };
		CDF46BD52335B4C400F3828A /* AppDelegate.swift */ = {isa = PBXFileReference; lastKnownFileType = sourcecode.swift; path = AppDelegate.swift; sourceTree = "<group>"; };
		CDF46BD72335B4C400F3828A /* ViewController.swift */ = {isa = PBXFileReference; lastKnownFileType = sourcecode.swift; path = ViewController.swift; sourceTree = "<group>"; };
		CDF46BDA2335B4C400F3828A /* Base */ = {isa = PBXFileReference; lastKnownFileType = file.storyboard; name = Base; path = Base.lproj/Main.storyboard; sourceTree = "<group>"; };
		CDF46BDD2335B4C400F3828A /* iOrder.xcdatamodel */ = {isa = PBXFileReference; lastKnownFileType = wrapper.xcdatamodel; path = iOrder.xcdatamodel; sourceTree = "<group>"; };
		CDF46BDF2335B4C600F3828A /* Assets.xcassets */ = {isa = PBXFileReference; lastKnownFileType = folder.assetcatalog; path = Assets.xcassets; sourceTree = "<group>"; };
		CDF46BE22335B4C600F3828A /* Base */ = {isa = PBXFileReference; lastKnownFileType = file.storyboard; name = Base; path = Base.lproj/LaunchScreen.storyboard; sourceTree = "<group>"; };
		CDF46BE42335B4C600F3828A /* Info.plist */ = {isa = PBXFileReference; lastKnownFileType = text.plist.xml; path = Info.plist; sourceTree = "<group>"; };
/* End PBXFileReference section */

/* Begin PBXFrameworksBuildPhase section */
		CDF46BCF2335B4C400F3828A /* Frameworks */ = {
			isa = PBXFrameworksBuildPhase;
			buildActionMask = 2147483647;
			files = (
			);
			runOnlyForDeploymentPostprocessing = 0;
		};
/* End PBXFrameworksBuildPhase section */

/* Begin PBXGroup section */
		CDF46BC92335B4C400F3828A = {
			isa = PBXGroup;
			children = (
				CDF46BD42335B4C400F3828A /* iOrder */,
				CDF46BD32335B4C400F3828A /* Products */,
			);
			sourceTree = "<group>";
		};
		CDF46BD32335B4C400F3828A /* Products */ = {
			isa = PBXGroup;
			children = (
				CDF46BD22335B4C400F3828A /* iOrder.app */,
			);
			name = Products;
			sourceTree = "<group>";
		};
		CDF46BD42335B4C400F3828A /* iOrder */ = {
			isa = PBXGroup;
			children = (
				CDF46BD52335B4C400F3828A /* AppDelegate.swift */,
				CDF46BD72335B4C400F3828A /* ViewController.swift */,
				CDF46BD92335B4C400F3828A /* Main.storyboard */,
				CDF46BDF2335B4C600F3828A /* Assets.xcassets */,
				CDF46BE12335B4C600F3828A /* LaunchScreen.storyboard */,
				CDF46BE42335B4C600F3828A /* Info.plist */,
				CDF46BDC2335B4C400F3828A /* iOrder.xcdatamodeld */,
			);
			path = iOrder;
			sourceTree = "<group>";
		};
/* End PBXGroup section */

/* Begin PBXNativeTarget section */
		CDF46BD12335B4C400F3828A /* iOrder */ = {
			isa = PBXNativeTarget;
			buildConfigurationList = CDF46BE72335B4C600F3828A /* Build configuration list for PBXNativeTarget "iOrder" */;
			buildPhases = (
				CDF46BCE2335B4C400F3828A /* Sources */,
				CDF46BCF2335B4C400F3828A /* Frameworks */,
				CDF46BD02335B4C400F3828A /* Resources */,
			);
			buildRules = (
			);
			dependencies = (
			);
			name = iOrder;
			productName = iOrder;
			productReference = CDF46BD22335B4C400F3828A /* iOrder.app */;
			productType = "com.apple.product-type.application";
		};
/* End PBXNativeTarget section */

/* Begin PBXProject section */
		CDF46BCA2335B4C400F3828A /* Project object */ = {
			isa = PBXProject;
			attributes = {
				LastSwiftUpdateCheck = 1030;
				LastUpgradeCheck = 1030;
				ORGANIZATIONNAME = Student;
				TargetAttributes = {
					CDF46BD12335B4C400F3828A = {
						CreatedOnToolsVersion = 10.3;
					};
				};
			};
			buildConfigurationList = CDF46BCD2335B4C400F3828A /* Build configuration list for PBXProject "iOrder" */;
			compatibilityVersion = "Xcode 9.3";
			developmentRegion = en;
			hasScannedForEncodings = 0;
			knownRegions = (
				en,
				Base,
			);
			mainGroup = CDF46BC92335B4C400F3828A;
			productRefGroup = CDF46BD32335B4C400F3828A /* Products */;
			projectDirPath = "";
			projectRoot = "";
			targets = (
				CDF46BD12335B4C400F3828A /* iOrder */,
			);
		};
/* End PBXProject section */

/* Begin PBXResourcesBuildPhase section */
		CDF46BD02335B4C400F3828A /* Resources */ = {
			isa = PBXResourcesBuildPhase;
			buildActionMask = 2147483647;
			files = (
				CDF46BE32335B4C600F3828A /* LaunchScreen.storyboard in Resources */,
				CDF46BE02335B4C600F3828A /* Assets.xcassets in Resources */,
				CDF46BDB2335B4C400F3828A /* Main.storyboard in Resources */,
			);
			runOnlyForDeploymentPostprocessing = 0;
		};
/* End PBXResourcesBuildPhase section */

/* Begin PBXSourcesBuildPhase section */
		CDF46BCE2335B4C400F3828A /* Sources */ = {
			isa = PBXSourcesBuildPhase;
			buildActionMask = 2147483647;
			files = (
				CDF46BDE2335B4C400F3828A /* iOrder.xcdatamodeld in Sources */,
				CDF46BD82335B4C400F3828A /* ViewController.swift in Sources */,
				CDF46BD62335B4C400F3828A /* AppDelegate.swift in Sources */,
			);
			runOnlyForDeploymentPostprocessing = 0;
		};
/* End PBXSourcesBuildPhase section */

/* Begin PBXVariantGroup section */
		CDF46BD92335B4C400F3828A /* Main.storyboard */ = {
			isa = PBXVariantGroup;
			children = (
				CDF46BDA2335B4C400F3828A /* Base */,
			);
			name = Main.storyboard;
			sourceTree = "<group>";
		};
		CDF46BE12335B4C600F3828A /* LaunchScreen.storyboard */ = {
			isa = PBXVariantGroup;
			children = (
				CDF46BE22335B4C600F3828A /* Base */,
			);
			name = LaunchScreen.storyboard;
			sourceTree = "<group>";
		};
/* End PBXVariantGroup section */

/* Begin XCBuildConfiguration section */
		CDF46BE52335B4C600F3828A /* Debug */ = {
			isa = XCBuildConfiguration;
			buildSettings = {
				ALWAYS_SEARCH_USER_PATHS = NO;
				CLANG_ANALYZER_NONNULL = YES;
				CLANG_ANALYZER_NUMBER_OBJECT_CONVERSION = YES_AGGRESSIVE;
				CLANG_CXX_LANGUAGE_STANDARD = "gnu++14";
				CLANG_CXX_LIBRARY = "libc++";
				CLANG_ENABLE_MODULES = YES;
				CLANG_ENABLE_OBJC_ARC = YES;
				CLANG_ENABLE_OBJC_WEAK = YES;
				CLANG_WARN_BLOCK_CAPTURE_AUTORELEASING = YES;
				CLANG_WARN_BOOL_CONVERSION = YES;
				CLANG_WARN_COMMA = YES;
				CLANG_WARN_CONSTANT_CONVERSION = YES;
				CLANG_WARN_DEPRECATED_OBJC_IMPLEMENTATIONS = YES;
				CLANG_WARN_DIRECT_OBJC_ISA_USAGE = YES_ERROR;
				CLANG_WARN_DOCUMENTATION_COMMENTS = YES;
				CLANG_WARN_EMPTY_BODY = YES;
				CLANG_WARN_ENUM_CONVERSION = YES;
				CLANG_WARN_INFINITE_RECURSION = YES;
				CLANG_WARN_INT_CONVERSION = YES;
				CLANG_WARN_NON_LITERAL_NULL_CONVERSION = YES;
				CLANG_WARN_OBJC_IMPLICIT_RETAIN_SELF = YES;
				CLANG_WARN_OBJC_LITERAL_CONVERSION = YES;
				CLANG_WARN_OBJC_ROOT_CLASS = YES_ERROR;
				CLANG_WARN_RANGE_LOOP_ANALYSIS = YES;
				CLANG_WARN_STRICT_PROTOTYPES = YES;
				CLANG_WARN_SUSPICIOUS_MOVE = YES;
				CLANG_WARN_UNGUARDED_AVAILABILITY = YES_AGGRESSIVE;
				CLANG_WARN_UNREACHABLE_CODE = YES;
				CLANG_WARN__DUPLICATE_METHOD_MATCH = YES;
				CODE_SIGN_IDENTITY = "iPhone Developer";
				COPY_PHASE_STRIP = NO;
				DEBUG_INFORMATION_FORMAT = dwarf;
				ENABLE_STRICT_OBJC_MSGSEND = YES;
				ENABLE_TESTABILITY = YES;
				GCC_C_LANGUAGE_STANDARD = gnu11;
				GCC_DYNAMIC_NO_PIC = NO;
				GCC_NO_COMMON_BLOCKS = YES;
				GCC_OPTIMIZATION_LEVEL = 0;
				GCC_PREPROCESSOR_DEFINITIONS = (
					"DEBUG=1",
					"$(inherited)",
				);
				GCC_WARN_64_TO_32_BIT_CONVERSION = YES;
				GCC_WARN_ABOUT_RETURN_TYPE = YES_ERROR;
				GCC_WARN_UNDECLARED_SELECTOR = YES;
				GCC_WARN_UNINITIALIZED_AUTOS = YES_AGGRESSIVE;
				GCC_WARN_UNUSED_FUNCTION = YES;
				GCC_WARN_UNUSED_VARIABLE = YES;
				IPHONEOS_DEPLOYMENT_TARGET = 12.4;
				MTL_ENABLE_DEBUG_INFO = INCLUDE_SOURCE;
				MTL_FAST_MATH = YES;
				ONLY_ACTIVE_ARCH = YES;
				SDKROOT = iphoneos;
				SWIFT_ACTIVE_COMPILATION_CONDITIONS = DEBUG;
				SWIFT_OPTIMIZATION_LEVEL = "-Onone";
			};
			name = Debug;
		};
		CDF46BE62335B4C600F3828A /* Release */ = {
			isa = XCBuildConfiguration;
			buildSettings = {
				ALWAYS_SEARCH_USER_PATHS = NO;
				CLANG_ANALYZER_NONNULL = YES;
				CLANG_ANALYZER_NUMBER_OBJECT_CONVERSION = YES_AGGRESSIVE;
				CLANG_CXX_LANGUAGE_STANDARD = "gnu++14";
				CLANG_CXX_LIBRARY = "libc++";
				CLANG_ENABLE_MODULES = YES;
				CLANG_ENABLE_OBJC_ARC = YES;
				CLANG_ENABLE_OBJC_WEAK = YES;
				CLANG_WARN_BLOCK_CAPTURE_AUTORELEASING = YES;
				CLANG_WARN_BOOL_CONVERSION = YES;
				CLANG_WARN_COMMA = YES;
				CLANG_WARN_CONSTANT_CONVERSION = YES;
				CLANG_WARN_DEPRECATED_OBJC_IMPLEMENTATIONS = YES;
				CLANG_WARN_DIRECT_OBJC_ISA_USAGE = YES_ERROR;
				CLANG_WARN_DOCUMENTATION_COMMENTS = YES;
				CLANG_WARN_EMPTY_BODY = YES;
				CLANG_WARN_ENUM_CONVERSION = YES;
				CLANG_WARN_INFINITE_RECURSION = YES;
				CLANG_WARN_INT_CONVERSION = YES;
				CLANG_WARN_NON_LITERAL_NULL_CONVERSION = YES;
				CLANG_WARN_OBJC_IMPLICIT_RETAIN_SELF = YES;
				CLANG_WARN_OBJC_LITERAL_CONVERSION = YES;
				CLANG_WARN_OBJC_ROOT_CLASS = YES_ERROR;
				CLANG_WARN_RANGE_LOOP_ANALYSIS = YES;
				CLANG_WARN_STRICT_PROTOTYPES = YES;
				CLANG_WARN_SUSPICIOUS_MOVE = YES;
				CLANG_WARN_UNGUARDED_AVAILABILITY = YES_AGGRESSIVE;
				CLANG_WARN_UNREACHABLE_CODE = YES;
				CLANG_WARN__DUPLICATE_METHOD_MATCH = YES;
				CODE_SIGN_IDENTITY = "iPhone Developer";
				COPY_PHASE_STRIP = NO;
				DEBUG_INFORMATION_FORMAT = "dwarf-with-dsym";
				ENABLE_NS_ASSERTIONS = NO;
				ENABLE_STRICT_OBJC_MSGSEND = YES;
				GCC_C_LANGUAGE_STANDARD = gnu11;
				GCC_NO_COMMON_BLOCKS = YES;
				GCC_WARN_64_TO_32_BIT_CONVERSION = YES;
				GCC_WARN_ABOUT_RETURN_TYPE = YES_ERROR;
				GCC_WARN_UNDECLARED_SELECTOR = YES;
				GCC_WARN_UNINITIALIZED_AUTOS = YES_AGGRESSIVE;
				GCC_WARN_UNUSED_FUNCTION = YES;
				GCC_WARN_UNUSED_VARIABLE = YES;
				IPHONEOS_DEPLOYMENT_TARGET = 12.4;
				MTL_ENABLE_DEBUG_INFO = NO;
				MTL_FAST_MATH = YES;
				SDKROOT = iphoneos;
				SWIFT_COMPILATION_MODE = wholemodule;
				SWIFT_OPTIMIZATION_LEVEL = "-O";
				VALIDATE_PRODUCT = YES;
			};
			name = Release;
		};
		CDF46BE82335B4C600F3828A /* Debug */ = {
			isa = XCBuildConfiguration;
			buildSettings = {
				ASSETCATALOG_COMPILER_APPICON_NAME = AppIcon;
				CODE_SIGN_STYLE = Automatic;
				INFOPLIST_FILE = iOrder/Info.plist;
				LD_RUNPATH_SEARCH_PATHS = (
					"$(inherited)",
					"@executable_path/Frameworks",
				);
				PRODUCT_BUNDLE_IDENTIFIER = com.student.iOrder;
				PRODUCT_NAME = "$(TARGET_NAME)";
				SWIFT_VERSION = 5.0;
				TARGETED_DEVICE_FAMILY = "1,2";
			};
			name = Debug;
		};
		CDF46BE92335B4C600F3828A /* Release */ = {
			isa = XCBuildConfiguration;
			buildSettings = {
				ASSETCATALOG_COMPILER_APPICON_NAME = AppIcon;
				CODE_SIGN_STYLE = Automatic;
				INFOPLIST_FILE = iOrder/Info.plist;
				LD_RUNPATH_SEARCH_PATHS = (
					"$(inherited)",
					"@executable_path/Frameworks",
				);
				PRODUCT_BUNDLE_IDENTIFIER = com.student.iOrder;
				PRODUCT_NAME = "$(TARGET_NAME)";
				SWIFT_VERSION = 5.0;
				TARGETED_DEVICE_FAMILY = "1,2";
			};
			name = Release;
		};
/* End XCBuildConfiguration section */

/* Begin XCConfigurationList section */
		CDF46BCD2335B4C400F3828A /* Build configuration list for PBXProject "iOrder" */ = {
			isa = XCConfigurationList;
			buildConfigurations = (
				CDF46BE52335B4C600F3828A /* Debug */,
				CDF46BE62335B4C600F3828A /* Release */,
			);
			defaultConfigurationIsVisible = 0;
			defaultConfigurationName = Release;
		};
		CDF46BE72335B4C600F3828A /* Build configuration list for PBXNativeTarget "iOrder" */ = {
			isa = XCConfigurationList;
			buildConfigurations = (
				CDF46BE82335B4C600F3828A /* Debug */,
				CDF46BE92335B4C600F3828A /* Release */,
			);
			defaultConfigurationIsVisible = 0;
			defaultConfigurationName = Release;
		};
/* End XCConfigurationList section */

/* Begin XCVersionGroup section */
		CDF46BDC2335B4C400F3828A /* iOrder.xcdatamodeld */ = {
			isa = XCVersionGroup;
			children = (
				CDF46BDD2335B4C400F3828A /* iOrder.xcdatamodel */,
			);
			currentVersion = CDF46BDD2335B4C400F3828A /* iOrder.xcdatamodel */;
			path = iOrder.xcdatamodeld;
			sourceTree = "<group>";
			versionGroupType = wrapper.xcdatamodel;
		};
/* End XCVersionGroup section */
	};
	rootObject = CDF46BCA2335B4C400F3828A /* Project object */;
}
